
Microsoft Visual Studio Solution File, Format Version 12.00
# Visual Studio 2012
Project("{888888A0-9F3D-457C-B088-3A5042F75D52}") = "UseLibraryWithAppConfig", "UseLibraryWithAppConfig\UseLibraryWithAppConfig.pyproj", "{BAA6589C-C0EA-4B2C-BDEC-5DF50728E491}"
EndProject
Project("{FAE04EC0-301F-11D3-BF4B-00C04F79EFBC}") = "SomeLibrary", "SomeLibrary\SomeLibrary.csproj", "{21928FD2-4220-4E33-8E70-28B9BC7436BA}"
EndProject
Global
	GlobalSection(SolutionConfigurationPlatforms) = preSolution
		Debug|Any CPU = Debug|Any CPU
		Release|Any CPU = Release|Any CPU
	EndGlobalSection
	GlobalSection(ProjectConfigurationPlatforms) = postSolution
		{BAA6589C-C0EA-4B2C-BDEC-5DF50728E491}.Debug|Any CPU.ActiveCfg = Debug|Any CPU
		{BAA6589C-C0EA-4B2C-BDEC-5DF50728E491}.Release|Any CPU.ActiveCfg = Release|Any CPU
		{21928FD2-4220-4E33-8E70-28B9BC7436BA}.Debug|Any CPU.ActiveCfg = Debug|Any CPU
		{21928FD2-4220-4E33-8E70-28B9BC7436BA}.Debug|Any CPU.Build.0 = Debug|Any CPU
		{21928FD2-4220-4E33-8E70-28B9BC7436BA}.Release|Any CPU.ActiveCfg = Release|Any CPU
		{21928FD2-4220-4E33-8E70-28B9BC7436BA}.Release|Any CPU.Build.0 = Release|Any CPU
	EndGlobalSection
	GlobalSection(SolutionProperties) = preSolution
		HideSolutionNode = FALSE
	EndGlobalSection
EndGlobal
